// !$*UTF8*$!
{
	archiveVersion = 1;
	classes = {
	};
	objectVersion = 56;
	objects = {

/* Begin PBXBuildFile section */
		4529E5232BF4EF4A008B6388 /* RouteTrackerDelegate.swift in Sources */ = {isa = PBXBuildFile; fileRef = 4529E5222BF4EF4A008B6388 /* RouteTrackerDelegate.swift */; };
		4529E5262BF50565008B6388 /* SpeedMeasureUnit.swift in Sources */ = {isa = PBXBuildFile; fileRef = 4529E5252BF50565008B6388 /* SpeedMeasureUnit.swift */; };
		457156782BFA895C00BCBF8B /* RouteTableViewCell.swift in Sources */ = {isa = PBXBuildFile; fileRef = 457156772BFA895C00BCBF8B /* RouteTableViewCell.swift */; };
		4571567A2BFB32D500BCBF8B /* RouteDetailViewController.swift in Sources */ = {isa = PBXBuildFile; fileRef = 457156792BFB32D500BCBF8B /* RouteDetailViewController.swift */; };
		4571567C2BFB8F9200BCBF8B /* HelpfulFunctions.swift in Sources */ = {isa = PBXBuildFile; fileRef = 4571567B2BFB8F9200BCBF8B /* HelpfulFunctions.swift */; };
		4571567E2BFC7AFE00BCBF8B /* DistanceMeasureUnit.swift in Sources */ = {isa = PBXBuildFile; fileRef = 4571567D2BFC7AFE00BCBF8B /* DistanceMeasureUnit.swift */; };
		45908B4F2BF9F4250074F361 /* Double.swift in Sources */ = {isa = PBXBuildFile; fileRef = 45908B4E2BF9F4250074F361 /* Double.swift */; };
		45908B512BF9FBF60074F361 /* LocationModel.swift in Sources */ = {isa = PBXBuildFile; fileRef = 45908B502BF9FBF60074F361 /* LocationModel.swift */; };
		45908B542BFA000F0074F361 /* RoutePolyline.swift in Sources */ = {isa = PBXBuildFile; fileRef = 45908B532BFA000F0074F361 /* RoutePolyline.swift */; };
		45908B642BFA746A0074F361 /* RouteEntity+CoreDataClass.swift in Sources */ = {isa = PBXBuildFile; fileRef = 45908B602BFA74690074F361 /* RouteEntity+CoreDataClass.swift */; };
		45908B652BFA746A0074F361 /* LocationEntity+CoreDataProperties.swift in Sources */ = {isa = PBXBuildFile; fileRef = 45908B612BFA74690074F361 /* LocationEntity+CoreDataProperties.swift */; };
		45908B662BFA746A0074F361 /* RouteEntity+CoreDataProperties.swift in Sources */ = {isa = PBXBuildFile; fileRef = 45908B622BFA746A0074F361 /* RouteEntity+CoreDataProperties.swift */; };
		45908B672BFA746A0074F361 /* LocationEntity+CoreDataClass.swift in Sources */ = {isa = PBXBuildFile; fileRef = 45908B632BFA746A0074F361 /* LocationEntity+CoreDataClass.swift */; };
		45908B692BFA74780074F361 /* CoreDataManager.swift in Sources */ = {isa = PBXBuildFile; fileRef = 45908B682BFA74780074F361 /* CoreDataManager.swift */; };
		45908B6B2BFA7BA40074F361 /* RouteModel.swift in Sources */ = {isa = PBXBuildFile; fileRef = 45908B6A2BFA7BA40074F361 /* RouteModel.swift */; };
		45908B6D2BFA7F120074F361 /* RoutesViewController.swift in Sources */ = {isa = PBXBuildFile; fileRef = 45908B6C2BFA7F120074F361 /* RoutesViewController.swift */; };
		45908B6F2BFA82070074F361 /* RouteEntity.swift in Sources */ = {isa = PBXBuildFile; fileRef = 45908B6E2BFA82070074F361 /* RouteEntity.swift */; };
		45908B712BFA82B00074F361 /* LocationEntity.swift in Sources */ = {isa = PBXBuildFile; fileRef = 45908B702BFA82B00074F361 /* LocationEntity.swift */; };
		45944BC72BF3FF6400B8F728 /* MapKit.framework in Frameworks */ = {isa = PBXBuildFile; fileRef = 45944BC22BF3FED900B8F728 /* MapKit.framework */; };
		45944BCB2BF4020D00B8F728 /* CoreLocation.framework in Frameworks */ = {isa = PBXBuildFile; fileRef = 45944BCA2BF4020D00B8F728 /* CoreLocation.framework */; };
		45B6EC822BFCC18B00604A5E /* SettingsViewController.swift in Sources */ = {isa = PBXBuildFile; fileRef = 45B6EC812BFCC18B00604A5E /* SettingsViewController.swift */; };
		45B6EC842BFCC6A300604A5E /* AppearanceViewController.swift in Sources */ = {isa = PBXBuildFile; fileRef = 45B6EC832BFCC6A300604A5E /* AppearanceViewController.swift */; };
		45B6EC862BFCC70D00604A5E /* AppearanceMode.swift in Sources */ = {isa = PBXBuildFile; fileRef = 45B6EC852BFCC70D00604A5E /* AppearanceMode.swift */; };
		45B6EC882BFCC73300604A5E /* Settings.swift in Sources */ = {isa = PBXBuildFile; fileRef = 45B6EC872BFCC73300604A5E /* Settings.swift */; };
		45B6EC8A2BFCC9DD00604A5E /* UnitsOfMeasureViewController.swift in Sources */ = {isa = PBXBuildFile; fileRef = 45B6EC892BFCC9DD00604A5E /* UnitsOfMeasureViewController.swift */; };
		45D2A8062C09A815008DB7AA /* RoutesRow.swift in Sources */ = {isa = PBXBuildFile; fileRef = 45D2A8052C09A815008DB7AA /* RoutesRow.swift */; };
		45DA057A2BF489F5007951E7 /* MainViewController.swift in Sources */ = {isa = PBXBuildFile; fileRef = 45DA05792BF489F5007951E7 /* MainViewController.swift */; };
		45DA05802BF4E409007951E7 /* RouteTracker.swift in Sources */ = {isa = PBXBuildFile; fileRef = 45DA057F2BF4E409007951E7 /* RouteTracker.swift */; };
		45DA05822BF4E448007951E7 /* TrackerState.swift in Sources */ = {isa = PBXBuildFile; fileRef = 45DA05812BF4E448007951E7 /* TrackerState.swift */; };
		45F4E16F2BF3D4DE0091DBF3 /* AppDelegate.swift in Sources */ = {isa = PBXBuildFile; fileRef = 45F4E16E2BF3D4DE0091DBF3 /* AppDelegate.swift */; };
		45F4E1712BF3D4DE0091DBF3 /* SceneDelegate.swift in Sources */ = {isa = PBXBuildFile; fileRef = 45F4E1702BF3D4DE0091DBF3 /* SceneDelegate.swift */; };
		45F4E1762BF3D4DE0091DBF3 /* Base in Resources */ = {isa = PBXBuildFile; fileRef = 45F4E1752BF3D4DE0091DBF3 /* Base */; };
		45F4E1792BF3D4DE0091DBF3 /* BikeTripTracker.xcdatamodeld in Sources */ = {isa = PBXBuildFile; fileRef = 45F4E1772BF3D4DE0091DBF3 /* BikeTripTracker.xcdatamodeld */; };
		45F4E17B2BF3D4E00091DBF3 /* Assets.xcassets in Resources */ = {isa = PBXBuildFile; fileRef = 45F4E17A2BF3D4E00091DBF3 /* Assets.xcassets */; };
		45F4E17E2BF3D4E00091DBF3 /* Base in Resources */ = {isa = PBXBuildFile; fileRef = 45F4E17D2BF3D4E00091DBF3 /* Base */; };
		7ABC391C2C4A93500076866B /* Localizable.xcstrings in Resources */ = {isa = PBXBuildFile; fileRef = 7ABC391B2C4A93500076866B /* Localizable.xcstrings */; };
		7ABC391E2C4A94DD0076866B /* UILabel.swift in Sources */ = {isa = PBXBuildFile; fileRef = 7ABC391D2C4A94DD0076866B /* UILabel.swift */; };
		7ABC39212C4BB7140076866B /* Main.storyboard in Resources */ = {isa = PBXBuildFile; fileRef = 45F4E1742BF3D4DE0091DBF3 /* Main.storyboard */; };
		7ACE9A3E2C1EF8E400646D4C /* UIFont.swift in Sources */ = {isa = PBXBuildFile; fileRef = 7ACE9A3D2C1EF8E400646D4C /* UIFont.swift */; };
		7AD72B402C30019200B66719 /* RoutesTableViewHeader.swift in Sources */ = {isa = PBXBuildFile; fileRef = 7AD72B3F2C30019200B66719 /* RoutesTableViewHeader.swift */; };
/* End PBXBuildFile section */

/* Begin PBXFileReference section */
		4529E5222BF4EF4A008B6388 /* RouteTrackerDelegate.swift */ = {isa = PBXFileReference; lastKnownFileType = sourcecode.swift; path = RouteTrackerDelegate.swift; sourceTree = "<group>"; };
		4529E5252BF50565008B6388 /* SpeedMeasureUnit.swift */ = {isa = PBXFileReference; lastKnownFileType = sourcecode.swift; path = SpeedMeasureUnit.swift; sourceTree = "<group>"; };
		457156772BFA895C00BCBF8B /* RouteTableViewCell.swift */ = {isa = PBXFileReference; lastKnownFileType = sourcecode.swift; path = RouteTableViewCell.swift; sourceTree = "<group>"; };
		457156792BFB32D500BCBF8B /* RouteDetailViewController.swift */ = {isa = PBXFileReference; lastKnownFileType = sourcecode.swift; path = RouteDetailViewController.swift; sourceTree = "<group>"; };
		4571567B2BFB8F9200BCBF8B /* HelpfulFunctions.swift */ = {isa = PBXFileReference; lastKnownFileType = sourcecode.swift; path = HelpfulFunctions.swift; sourceTree = "<group>"; };
		4571567D2BFC7AFE00BCBF8B /* DistanceMeasureUnit.swift */ = {isa = PBXFileReference; lastKnownFileType = sourcecode.swift; path = DistanceMeasureUnit.swift; sourceTree = "<group>"; };
		45908B4E2BF9F4250074F361 /* Double.swift */ = {isa = PBXFileReference; lastKnownFileType = sourcecode.swift; path = Double.swift; sourceTree = "<group>"; };
		45908B502BF9FBF60074F361 /* LocationModel.swift */ = {isa = PBXFileReference; lastKnownFileType = sourcecode.swift; path = LocationModel.swift; sourceTree = "<group>"; };
		45908B532BFA000F0074F361 /* RoutePolyline.swift */ = {isa = PBXFileReference; lastKnownFileType = sourcecode.swift; path = RoutePolyline.swift; sourceTree = "<group>"; };
		45908B602BFA74690074F361 /* RouteEntity+CoreDataClass.swift */ = {isa = PBXFileReference; fileEncoding = 4; lastKnownFileType = sourcecode.swift; path = "RouteEntity+CoreDataClass.swift"; sourceTree = "<group>"; };
		45908B612BFA74690074F361 /* LocationEntity+CoreDataProperties.swift */ = {isa = PBXFileReference; fileEncoding = 4; lastKnownFileType = sourcecode.swift; path = "LocationEntity+CoreDataProperties.swift"; sourceTree = "<group>"; };
		45908B622BFA746A0074F361 /* RouteEntity+CoreDataProperties.swift */ = {isa = PBXFileReference; fileEncoding = 4; lastKnownFileType = sourcecode.swift; path = "RouteEntity+CoreDataProperties.swift"; sourceTree = "<group>"; };
		45908B632BFA746A0074F361 /* LocationEntity+CoreDataClass.swift */ = {isa = PBXFileReference; fileEncoding = 4; lastKnownFileType = sourcecode.swift; path = "LocationEntity+CoreDataClass.swift"; sourceTree = "<group>"; };
		45908B682BFA74780074F361 /* CoreDataManager.swift */ = {isa = PBXFileReference; lastKnownFileType = sourcecode.swift; path = CoreDataManager.swift; sourceTree = "<group>"; };
		45908B6A2BFA7BA40074F361 /* RouteModel.swift */ = {isa = PBXFileReference; lastKnownFileType = sourcecode.swift; path = RouteModel.swift; sourceTree = "<group>"; };
		45908B6C2BFA7F120074F361 /* RoutesViewController.swift */ = {isa = PBXFileReference; lastKnownFileType = sourcecode.swift; path = RoutesViewController.swift; sourceTree = "<group>"; };
		45908B6E2BFA82070074F361 /* RouteEntity.swift */ = {isa = PBXFileReference; lastKnownFileType = sourcecode.swift; path = RouteEntity.swift; sourceTree = "<group>"; };
		45908B702BFA82B00074F361 /* LocationEntity.swift */ = {isa = PBXFileReference; lastKnownFileType = sourcecode.swift; path = LocationEntity.swift; sourceTree = "<group>"; };
		45944BC22BF3FED900B8F728 /* MapKit.framework */ = {isa = PBXFileReference; lastKnownFileType = wrapper.framework; name = MapKit.framework; path = System/Library/Frameworks/MapKit.framework; sourceTree = SDKROOT; };
		45944BCA2BF4020D00B8F728 /* CoreLocation.framework */ = {isa = PBXFileReference; lastKnownFileType = wrapper.framework; name = CoreLocation.framework; path = System/Library/Frameworks/CoreLocation.framework; sourceTree = SDKROOT; };
		45B6EC812BFCC18B00604A5E /* SettingsViewController.swift */ = {isa = PBXFileReference; lastKnownFileType = sourcecode.swift; path = SettingsViewController.swift; sourceTree = "<group>"; };
		45B6EC832BFCC6A300604A5E /* AppearanceViewController.swift */ = {isa = PBXFileReference; lastKnownFileType = sourcecode.swift; path = AppearanceViewController.swift; sourceTree = "<group>"; };
		45B6EC852BFCC70D00604A5E /* AppearanceMode.swift */ = {isa = PBXFileReference; lastKnownFileType = sourcecode.swift; path = AppearanceMode.swift; sourceTree = "<group>"; };
		45B6EC872BFCC73300604A5E /* Settings.swift */ = {isa = PBXFileReference; lastKnownFileType = sourcecode.swift; path = Settings.swift; sourceTree = "<group>"; };
		45B6EC892BFCC9DD00604A5E /* UnitsOfMeasureViewController.swift */ = {isa = PBXFileReference; lastKnownFileType = sourcecode.swift; path = UnitsOfMeasureViewController.swift; sourceTree = "<group>"; };
		45D2A8052C09A815008DB7AA /* RoutesRow.swift */ = {isa = PBXFileReference; lastKnownFileType = sourcecode.swift; path = RoutesRow.swift; sourceTree = "<group>"; };
		45DA05792BF489F5007951E7 /* MainViewController.swift */ = {isa = PBXFileReference; lastKnownFileType = sourcecode.swift; path = MainViewController.swift; sourceTree = "<group>"; };
		45DA057F2BF4E409007951E7 /* RouteTracker.swift */ = {isa = PBXFileReference; lastKnownFileType = sourcecode.swift; path = RouteTracker.swift; sourceTree = "<group>"; };
		45DA05812BF4E448007951E7 /* TrackerState.swift */ = {isa = PBXFileReference; lastKnownFileType = sourcecode.swift; path = TrackerState.swift; sourceTree = "<group>"; };
		45F4E16B2BF3D4DE0091DBF3 /* BikeTripTracker.app */ = {isa = PBXFileReference; explicitFileType = wrapper.application; includeInIndex = 0; path = BikeTripTracker.app; sourceTree = BUILT_PRODUCTS_DIR; };
		45F4E16E2BF3D4DE0091DBF3 /* AppDelegate.swift */ = {isa = PBXFileReference; lastKnownFileType = sourcecode.swift; path = AppDelegate.swift; sourceTree = "<group>"; };
		45F4E1702BF3D4DE0091DBF3 /* SceneDelegate.swift */ = {isa = PBXFileReference; lastKnownFileType = sourcecode.swift; path = SceneDelegate.swift; sourceTree = "<group>"; };
		45F4E1752BF3D4DE0091DBF3 /* Base */ = {isa = PBXFileReference; lastKnownFileType = file.storyboard; name = Base; path = Base.lproj/Main.storyboard; sourceTree = "<group>"; };
		45F4E1782BF3D4DE0091DBF3 /* BikeTripTracker.xcdatamodel */ = {isa = PBXFileReference; lastKnownFileType = wrapper.xcdatamodel; path = BikeTripTracker.xcdatamodel; sourceTree = "<group>"; };
		45F4E17A2BF3D4E00091DBF3 /* Assets.xcassets */ = {isa = PBXFileReference; lastKnownFileType = folder.assetcatalog; path = Assets.xcassets; sourceTree = "<group>"; };
		45F4E17D2BF3D4E00091DBF3 /* Base */ = {isa = PBXFileReference; lastKnownFileType = file.storyboard; name = Base; path = Base.lproj/LaunchScreen.storyboard; sourceTree = "<group>"; };
		45F4E17F2BF3D4E00091DBF3 /* Info.plist */ = {isa = PBXFileReference; lastKnownFileType = text.plist.xml; path = Info.plist; sourceTree = "<group>"; };
		7ABC39192C4A92AD0076866B /* ru */ = {isa = PBXFileReference; lastKnownFileType = text.plist.strings; name = ru; path = ru.lproj/Main.strings; sourceTree = "<group>"; };
		7ABC391A2C4A92AE0076866B /* ru */ = {isa = PBXFileReference; lastKnownFileType = text.plist.strings; name = ru; path = ru.lproj/LaunchScreen.strings; sourceTree = "<group>"; };
		7ABC391B2C4A93500076866B /* Localizable.xcstrings */ = {isa = PBXFileReference; lastKnownFileType = text.json.xcstrings; path = Localizable.xcstrings; sourceTree = "<group>"; };
		7ABC391D2C4A94DD0076866B /* UILabel.swift */ = {isa = PBXFileReference; lastKnownFileType = sourcecode.swift; path = UILabel.swift; sourceTree = "<group>"; };
		7ABC39202C4BB7130076866B /* en */ = {isa = PBXFileReference; lastKnownFileType = text.plist.strings; name = en; path = en.lproj/Main.strings; sourceTree = "<group>"; };
		7ACE9A3D2C1EF8E400646D4C /* UIFont.swift */ = {isa = PBXFileReference; lastKnownFileType = sourcecode.swift; path = UIFont.swift; sourceTree = "<group>"; };
		7AD72B3F2C30019200B66719 /* RoutesTableViewHeader.swift */ = {isa = PBXFileReference; lastKnownFileType = sourcecode.swift; path = RoutesTableViewHeader.swift; sourceTree = "<group>"; };
/* End PBXFileReference section */

/* Begin PBXFrameworksBuildPhase section */
		45F4E1682BF3D4DE0091DBF3 /* Frameworks */ = {
			isa = PBXFrameworksBuildPhase;
			buildActionMask = 2147483647;
			files = (
				45944BCB2BF4020D00B8F728 /* CoreLocation.framework in Frameworks */,
				45944BC72BF3FF6400B8F728 /* MapKit.framework in Frameworks */,
			);
			runOnlyForDeploymentPostprocessing = 0;
		};
/* End PBXFrameworksBuildPhase section */

/* Begin PBXGroup section */
		4529E5212BF4EF40008B6388 /* Protocols */ = {
			isa = PBXGroup;
			children = (
				4529E5222BF4EF4A008B6388 /* RouteTrackerDelegate.swift */,
			);
			path = Protocols;
			sourceTree = "<group>";
		};
		4529E5242BF4F294008B6388 /* Enums */ = {
			isa = PBXGroup;
			children = (
				45DA05812BF4E448007951E7 /* TrackerState.swift */,
				4529E5252BF50565008B6388 /* SpeedMeasureUnit.swift */,
				4571567D2BFC7AFE00BCBF8B /* DistanceMeasureUnit.swift */,
				45B6EC852BFCC70D00604A5E /* AppearanceMode.swift */,
			);
			path = Enums;
			sourceTree = "<group>";
		};
		457156762BFA893E00BCBF8B /* TableViewCells */ = {
			isa = PBXGroup;
			children = (
				457156772BFA895C00BCBF8B /* RouteTableViewCell.swift */,
			);
			path = TableViewCells;
			sourceTree = "<group>";
		};
		45908B4D2BF9F3E50074F361 /* Extensions */ = {
			isa = PBXGroup;
			children = (
				45908B4E2BF9F4250074F361 /* Double.swift */,
				45908B6E2BFA82070074F361 /* RouteEntity.swift */,
				45908B702BFA82B00074F361 /* LocationEntity.swift */,
				7ACE9A3D2C1EF8E400646D4C /* UIFont.swift */,
				7ABC391D2C4A94DD0076866B /* UILabel.swift */,
			);
			path = Extensions;
			sourceTree = "<group>";
		};
		45908B522BFA00000074F361 /* Utils */ = {
			isa = PBXGroup;
			children = (
				45DA057F2BF4E409007951E7 /* RouteTracker.swift */,
				4571567B2BFB8F9200BCBF8B /* HelpfulFunctions.swift */,
				45B6EC872BFCC73300604A5E /* Settings.swift */,
			);
			path = Utils;
			sourceTree = "<group>";
		};
		45908B5E2BFA74420074F361 /* CoreData */ = {
			isa = PBXGroup;
			children = (
				45908B5F2BFA74490074F361 /* Entities */,
				45908B682BFA74780074F361 /* CoreDataManager.swift */,
			);
			path = CoreData;
			sourceTree = "<group>";
		};
		45908B5F2BFA74490074F361 /* Entities */ = {
			isa = PBXGroup;
			children = (
				45908B632BFA746A0074F361 /* LocationEntity+CoreDataClass.swift */,
				45908B612BFA74690074F361 /* LocationEntity+CoreDataProperties.swift */,
				45908B602BFA74690074F361 /* RouteEntity+CoreDataClass.swift */,
				45908B622BFA746A0074F361 /* RouteEntity+CoreDataProperties.swift */,
			);
			path = Entities;
			sourceTree = "<group>";
		};
		45944BC12BF3FED800B8F728 /* Frameworks */ = {
			isa = PBXGroup;
			children = (
				45944BCA2BF4020D00B8F728 /* CoreLocation.framework */,
				45944BC22BF3FED900B8F728 /* MapKit.framework */,
			);
			name = Frameworks;
			sourceTree = "<group>";
		};
		45B6EC7E2BFCC15C00604A5E /* Routes */ = {
			isa = PBXGroup;
			children = (
				45908B6C2BFA7F120074F361 /* RoutesViewController.swift */,
				457156792BFB32D500BCBF8B /* RouteDetailViewController.swift */,
				7AD72B3F2C30019200B66719 /* RoutesTableViewHeader.swift */,
			);
			path = Routes;
			sourceTree = "<group>";
		};
		45B6EC7F2BFCC16500604A5E /* Main */ = {
			isa = PBXGroup;
			children = (
				45DA05792BF489F5007951E7 /* MainViewController.swift */,
			);
			path = Main;
			sourceTree = "<group>";
		};
		45B6EC802BFCC17300604A5E /* Settings */ = {
			isa = PBXGroup;
			children = (
				45B6EC812BFCC18B00604A5E /* SettingsViewController.swift */,
				45B6EC832BFCC6A300604A5E /* AppearanceViewController.swift */,
				45B6EC892BFCC9DD00604A5E /* UnitsOfMeasureViewController.swift */,
			);
			path = Settings;
			sourceTree = "<group>";
		};
		45DA057B2BF4E393007951E7 /* ViewControllers */ = {
			isa = PBXGroup;
			children = (
				45B6EC802BFCC17300604A5E /* Settings */,
				45B6EC7F2BFCC16500604A5E /* Main */,
				45B6EC7E2BFCC15C00604A5E /* Routes */,
				457156762BFA893E00BCBF8B /* TableViewCells */,
			);
			path = ViewControllers;
			sourceTree = "<group>";
		};
		45DA057E2BF4E3F4007951E7 /* Models */ = {
			isa = PBXGroup;
			children = (
				4529E5242BF4F294008B6388 /* Enums */,
				4529E5212BF4EF40008B6388 /* Protocols */,
				45908B502BF9FBF60074F361 /* LocationModel.swift */,
				45908B532BFA000F0074F361 /* RoutePolyline.swift */,
				45908B6A2BFA7BA40074F361 /* RouteModel.swift */,
				45D2A8052C09A815008DB7AA /* RoutesRow.swift */,
			);
			path = Models;
			sourceTree = "<group>";
		};
		45F4E1622BF3D4DE0091DBF3 = {
			isa = PBXGroup;
			children = (
				45F4E16D2BF3D4DE0091DBF3 /* BikeTripTracker */,
				45F4E16C2BF3D4DE0091DBF3 /* Products */,
				45944BC12BF3FED800B8F728 /* Frameworks */,
			);
			sourceTree = "<group>";
		};
		45F4E16C2BF3D4DE0091DBF3 /* Products */ = {
			isa = PBXGroup;
			children = (
				45F4E16B2BF3D4DE0091DBF3 /* BikeTripTracker.app */,
			);
			name = Products;
			sourceTree = "<group>";
		};
		45F4E16D2BF3D4DE0091DBF3 /* BikeTripTracker */ = {
			isa = PBXGroup;
			children = (
				45908B5E2BFA74420074F361 /* CoreData */,
				45908B4D2BF9F3E50074F361 /* Extensions */,
				45F4E1862BF3D58C0091DBF3 /* Resources */,
				45908B522BFA00000074F361 /* Utils */,
				45DA057E2BF4E3F4007951E7 /* Models */,
				45DA057B2BF4E393007951E7 /* ViewControllers */,
				45F4E17F2BF3D4E00091DBF3 /* Info.plist */,
				45F4E16E2BF3D4DE0091DBF3 /* AppDelegate.swift */,
				45F4E1702BF3D4DE0091DBF3 /* SceneDelegate.swift */,
			);
			path = BikeTripTracker;
			sourceTree = "<group>";
		};
		45F4E1862BF3D58C0091DBF3 /* Resources */ = {
			isa = PBXGroup;
			children = (
				45F4E17A2BF3D4E00091DBF3 /* Assets.xcassets */,
				45F4E1772BF3D4DE0091DBF3 /* BikeTripTracker.xcdatamodeld */,
				7ABC391B2C4A93500076866B /* Localizable.xcstrings */,
				45F4E1872BF3D5930091DBF3 /* Storyboards */,
			);
			path = Resources;
			sourceTree = "<group>";
		};
		45F4E1872BF3D5930091DBF3 /* Storyboards */ = {
			isa = PBXGroup;
			children = (
				45F4E1742BF3D4DE0091DBF3 /* Main.storyboard */,
				45F4E17C2BF3D4E00091DBF3 /* LaunchScreen.storyboard */,
			);
			path = Storyboards;
			sourceTree = "<group>";
		};
/* End PBXGroup section */

/* Begin PBXNativeTarget section */
		45F4E16A2BF3D4DE0091DBF3 /* BikeTripTracker */ = {
			isa = PBXNativeTarget;
			buildConfigurationList = 45F4E1822BF3D4E00091DBF3 /* Build configuration list for PBXNativeTarget "BikeTripTracker" */;
			buildPhases = (
				45F4E1672BF3D4DE0091DBF3 /* Sources */,
				45F4E1682BF3D4DE0091DBF3 /* Frameworks */,
				45F4E1692BF3D4DE0091DBF3 /* Resources */,
			);
			buildRules = (
			);
			dependencies = (
			);
			name = BikeTripTracker;
			packageProductDependencies = (
			);
			productName = BikeTripTracker;
			productReference = 45F4E16B2BF3D4DE0091DBF3 /* BikeTripTracker.app */;
			productType = "com.apple.product-type.application";
		};
/* End PBXNativeTarget section */

/* Begin PBXProject section */
		45F4E1632BF3D4DE0091DBF3 /* Project object */ = {
			isa = PBXProject;
			attributes = {
				BuildIndependentTargetsInParallel = 1;
				LastSwiftUpdateCheck = 1540;
				LastUpgradeCheck = 1540;
				TargetAttributes = {
					45F4E16A2BF3D4DE0091DBF3 = {
						CreatedOnToolsVersion = 15.4;
					};
				};
			};
			buildConfigurationList = 45F4E1662BF3D4DE0091DBF3 /* Build configuration list for PBXProject "BikeTripTracker" */;
			compatibilityVersion = "Xcode 14.0";
			developmentRegion = en;
			hasScannedForEncodings = 0;
			knownRegions = (
				en,
				Base,
				ru,
			);
			mainGroup = 45F4E1622BF3D4DE0091DBF3;
			packageReferences = (
			);
			productRefGroup = 45F4E16C2BF3D4DE0091DBF3 /* Products */;
			projectDirPath = "";
			projectRoot = "";
			targets = (
				45F4E16A2BF3D4DE0091DBF3 /* BikeTripTracker */,
			);
		};
/* End PBXProject section */

/* Begin PBXResourcesBuildPhase section */
		45F4E1692BF3D4DE0091DBF3 /* Resources */ = {
			isa = PBXResourcesBuildPhase;
			buildActionMask = 2147483647;
			files = (
				45F4E17B2BF3D4E00091DBF3 /* Assets.xcassets in Resources */,
				7ABC39212C4BB7140076866B /* Main.storyboard in Resources */,
				45F4E17E2BF3D4E00091DBF3 /* Base in Resources */,
				7ABC391C2C4A93500076866B /* Localizable.xcstrings in Resources */,
				45F4E1762BF3D4DE0091DBF3 /* Base in Resources */,
			);
			runOnlyForDeploymentPostprocessing = 0;
		};
/* End PBXResourcesBuildPhase section */

/* Begin PBXSourcesBuildPhase section */
		45F4E1672BF3D4DE0091DBF3 /* Sources */ = {
			isa = PBXSourcesBuildPhase;
			buildActionMask = 2147483647;
			files = (
				4571567C2BFB8F9200BCBF8B /* HelpfulFunctions.swift in Sources */,
				45F4E16F2BF3D4DE0091DBF3 /* AppDelegate.swift in Sources */,
				4571567E2BFC7AFE00BCBF8B /* DistanceMeasureUnit.swift in Sources */,
				45D2A8062C09A815008DB7AA /* RoutesRow.swift in Sources */,
				7AD72B402C30019200B66719 /* RoutesTableViewHeader.swift in Sources */,
				45B6EC842BFCC6A300604A5E /* AppearanceViewController.swift in Sources */,
				45908B672BFA746A0074F361 /* LocationEntity+CoreDataClass.swift in Sources */,
				45908B642BFA746A0074F361 /* RouteEntity+CoreDataClass.swift in Sources */,
				45908B6F2BFA82070074F361 /* RouteEntity.swift in Sources */,
				45DA05822BF4E448007951E7 /* TrackerState.swift in Sources */,
				45908B6B2BFA7BA40074F361 /* RouteModel.swift in Sources */,
				45B6EC862BFCC70D00604A5E /* AppearanceMode.swift in Sources */,
				45908B692BFA74780074F361 /* CoreDataManager.swift in Sources */,
				45908B512BF9FBF60074F361 /* LocationModel.swift in Sources */,
				45908B662BFA746A0074F361 /* RouteEntity+CoreDataProperties.swift in Sources */,
				4529E5262BF50565008B6388 /* SpeedMeasureUnit.swift in Sources */,
				7ACE9A3E2C1EF8E400646D4C /* UIFont.swift in Sources */,
				457156782BFA895C00BCBF8B /* RouteTableViewCell.swift in Sources */,
				45DA05802BF4E409007951E7 /* RouteTracker.swift in Sources */,
				45B6EC8A2BFCC9DD00604A5E /* UnitsOfMeasureViewController.swift in Sources */,
				45DA057A2BF489F5007951E7 /* MainViewController.swift in Sources */,
				45908B542BFA000F0074F361 /* RoutePolyline.swift in Sources */,
				45908B6D2BFA7F120074F361 /* RoutesViewController.swift in Sources */,
				45908B652BFA746A0074F361 /* LocationEntity+CoreDataProperties.swift in Sources */,
				4529E5232BF4EF4A008B6388 /* RouteTrackerDelegate.swift in Sources */,
				7ABC391E2C4A94DD0076866B /* UILabel.swift in Sources */,
				4571567A2BFB32D500BCBF8B /* RouteDetailViewController.swift in Sources */,
				45B6EC882BFCC73300604A5E /* Settings.swift in Sources */,
				45F4E1792BF3D4DE0091DBF3 /* BikeTripTracker.xcdatamodeld in Sources */,
				45908B4F2BF9F4250074F361 /* Double.swift in Sources */,
				45F4E1712BF3D4DE0091DBF3 /* SceneDelegate.swift in Sources */,
				45908B712BFA82B00074F361 /* LocationEntity.swift in Sources */,
				45B6EC822BFCC18B00604A5E /* SettingsViewController.swift in Sources */,
			);
			runOnlyForDeploymentPostprocessing = 0;
		};
/* End PBXSourcesBuildPhase section */

/* Begin PBXVariantGroup section */
		45F4E1742BF3D4DE0091DBF3 /* Main.storyboard */ = {
			isa = PBXVariantGroup;
			children = (
				45F4E1752BF3D4DE0091DBF3 /* Base */,
				7ABC39192C4A92AD0076866B /* ru */,
				7ABC39202C4BB7130076866B /* en */,
			);
			name = Main.storyboard;
			sourceTree = "<group>";
		};
		45F4E17C2BF3D4E00091DBF3 /* LaunchScreen.storyboard */ = {
			isa = PBXVariantGroup;
			children = (
				45F4E17D2BF3D4E00091DBF3 /* Base */,
				7ABC391A2C4A92AE0076866B /* ru */,
			);
			name = LaunchScreen.storyboard;
			sourceTree = "<group>";
		};
/* End PBXVariantGroup section */

/* Begin XCBuildConfiguration section */
		45F4E1802BF3D4E00091DBF3 /* Debug */ = {
			isa = XCBuildConfiguration;
			buildSettings = {
				ALWAYS_SEARCH_USER_PATHS = NO;
				ASSETCATALOG_COMPILER_GENERATE_SWIFT_ASSET_SYMBOL_EXTENSIONS = YES;
				CLANG_ANALYZER_LOCALIZABILITY_NONLOCALIZED = YES;
				CLANG_ANALYZER_NONNULL = YES;
				CLANG_ANALYZER_NUMBER_OBJECT_CONVERSION = YES_AGGRESSIVE;
				CLANG_CXX_LANGUAGE_STANDARD = "gnu++20";
				CLANG_ENABLE_MODULES = YES;
				CLANG_ENABLE_OBJC_ARC = YES;
				CLANG_ENABLE_OBJC_WEAK = YES;
				CLANG_WARN_BLOCK_CAPTURE_AUTORELEASING = YES;
				CLANG_WARN_BOOL_CONVERSION = YES;
				CLANG_WARN_COMMA = YES;
				CLANG_WARN_CONSTANT_CONVERSION = YES;
				CLANG_WARN_DEPRECATED_OBJC_IMPLEMENTATIONS = YES;
				CLANG_WARN_DIRECT_OBJC_ISA_USAGE = YES_ERROR;
				CLANG_WARN_DOCUMENTATION_COMMENTS = YES;
				CLANG_WARN_EMPTY_BODY = YES;
				CLANG_WARN_ENUM_CONVERSION = YES;
				CLANG_WARN_INFINITE_RECURSION = YES;
				CLANG_WARN_INT_CONVERSION = YES;
				CLANG_WARN_NON_LITERAL_NULL_CONVERSION = YES;
				CLANG_WARN_OBJC_IMPLICIT_RETAIN_SELF = YES;
				CLANG_WARN_OBJC_LITERAL_CONVERSION = YES;
				CLANG_WARN_OBJC_ROOT_CLASS = YES_ERROR;
				CLANG_WARN_QUOTED_INCLUDE_IN_FRAMEWORK_HEADER = YES;
				CLANG_WARN_RANGE_LOOP_ANALYSIS = YES;
				CLANG_WARN_STRICT_PROTOTYPES = YES;
				CLANG_WARN_SUSPICIOUS_MOVE = YES;
				CLANG_WARN_UNGUARDED_AVAILABILITY = YES_AGGRESSIVE;
				CLANG_WARN_UNREACHABLE_CODE = YES;
				CLANG_WARN__DUPLICATE_METHOD_MATCH = YES;
				COPY_PHASE_STRIP = NO;
				DEBUG_INFORMATION_FORMAT = dwarf;
				ENABLE_STRICT_OBJC_MSGSEND = YES;
				ENABLE_TESTABILITY = YES;
				ENABLE_USER_SCRIPT_SANDBOXING = YES;
				GCC_C_LANGUAGE_STANDARD = gnu17;
				GCC_DYNAMIC_NO_PIC = NO;
				GCC_NO_COMMON_BLOCKS = YES;
				GCC_OPTIMIZATION_LEVEL = 0;
				GCC_PREPROCESSOR_DEFINITIONS = (
					"DEBUG=1",
					"$(inherited)",
				);
				GCC_WARN_64_TO_32_BIT_CONVERSION = YES;
				GCC_WARN_ABOUT_RETURN_TYPE = YES_ERROR;
				GCC_WARN_UNDECLARED_SELECTOR = YES;
				GCC_WARN_UNINITIALIZED_AUTOS = YES_AGGRESSIVE;
				GCC_WARN_UNUSED_FUNCTION = YES;
				GCC_WARN_UNUSED_VARIABLE = YES;
				IPHONEOS_DEPLOYMENT_TARGET = 17.5;
				LOCALIZATION_PREFERS_STRING_CATALOGS = YES;
				MTL_ENABLE_DEBUG_INFO = INCLUDE_SOURCE;
				MTL_FAST_MATH = YES;
				ONLY_ACTIVE_ARCH = YES;
				SDKROOT = iphoneos;
				SWIFT_ACTIVE_COMPILATION_CONDITIONS = "DEBUG $(inherited)";
				SWIFT_OPTIMIZATION_LEVEL = "-Onone";
			};
			name = Debug;
		};
		45F4E1812BF3D4E00091DBF3 /* Release */ = {
			isa = XCBuildConfiguration;
			buildSettings = {
				ALWAYS_SEARCH_USER_PATHS = NO;
				ASSETCATALOG_COMPILER_GENERATE_SWIFT_ASSET_SYMBOL_EXTENSIONS = YES;
				CLANG_ANALYZER_LOCALIZABILITY_NONLOCALIZED = YES;
				CLANG_ANALYZER_NONNULL = YES;
				CLANG_ANALYZER_NUMBER_OBJECT_CONVERSION = YES_AGGRESSIVE;
				CLANG_CXX_LANGUAGE_STANDARD = "gnu++20";
				CLANG_ENABLE_MODULES = YES;
				CLANG_ENABLE_OBJC_ARC = YES;
				CLANG_ENABLE_OBJC_WEAK = YES;
				CLANG_WARN_BLOCK_CAPTURE_AUTORELEASING = YES;
				CLANG_WARN_BOOL_CONVERSION = YES;
				CLANG_WARN_COMMA = YES;
				CLANG_WARN_CONSTANT_CONVERSION = YES;
				CLANG_WARN_DEPRECATED_OBJC_IMPLEMENTATIONS = YES;
				CLANG_WARN_DIRECT_OBJC_ISA_USAGE = YES_ERROR;
				CLANG_WARN_DOCUMENTATION_COMMENTS = YES;
				CLANG_WARN_EMPTY_BODY = YES;
				CLANG_WARN_ENUM_CONVERSION = YES;
				CLANG_WARN_INFINITE_RECURSION = YES;
				CLANG_WARN_INT_CONVERSION = YES;
				CLANG_WARN_NON_LITERAL_NULL_CONVERSION = YES;
				CLANG_WARN_OBJC_IMPLICIT_RETAIN_SELF = YES;
				CLANG_WARN_OBJC_LITERAL_CONVERSION = YES;
				CLANG_WARN_OBJC_ROOT_CLASS = YES_ERROR;
				CLANG_WARN_QUOTED_INCLUDE_IN_FRAMEWORK_HEADER = YES;
				CLANG_WARN_RANGE_LOOP_ANALYSIS = YES;
				CLANG_WARN_STRICT_PROTOTYPES = YES;
				CLANG_WARN_SUSPICIOUS_MOVE = YES;
				CLANG_WARN_UNGUARDED_AVAILABILITY = YES_AGGRESSIVE;
				CLANG_WARN_UNREACHABLE_CODE = YES;
				CLANG_WARN__DUPLICATE_METHOD_MATCH = YES;
				COPY_PHASE_STRIP = NO;
				DEBUG_INFORMATION_FORMAT = "dwarf-with-dsym";
				ENABLE_NS_ASSERTIONS = NO;
				ENABLE_STRICT_OBJC_MSGSEND = YES;
				ENABLE_USER_SCRIPT_SANDBOXING = YES;
				GCC_C_LANGUAGE_STANDARD = gnu17;
				GCC_NO_COMMON_BLOCKS = YES;
				GCC_WARN_64_TO_32_BIT_CONVERSION = YES;
				GCC_WARN_ABOUT_RETURN_TYPE = YES_ERROR;
				GCC_WARN_UNDECLARED_SELECTOR = YES;
				GCC_WARN_UNINITIALIZED_AUTOS = YES_AGGRESSIVE;
				GCC_WARN_UNUSED_FUNCTION = YES;
				GCC_WARN_UNUSED_VARIABLE = YES;
				IPHONEOS_DEPLOYMENT_TARGET = 17.5;
				LOCALIZATION_PREFERS_STRING_CATALOGS = YES;
				MTL_ENABLE_DEBUG_INFO = NO;
				MTL_FAST_MATH = YES;
				SDKROOT = iphoneos;
				SWIFT_COMPILATION_MODE = wholemodule;
				VALIDATE_PRODUCT = YES;
			};
			name = Release;
		};
		45F4E1832BF3D4E00091DBF3 /* Debug */ = {
			isa = XCBuildConfiguration;
			buildSettings = {
				ASSETCATALOG_COMPILER_APPICON_NAME = AppIcon;
				ASSETCATALOG_COMPILER_GLOBAL_ACCENT_COLOR_NAME = AccentColor;
				CODE_SIGN_STYLE = Automatic;
				CURRENT_PROJECT_VERSION = 1;
				DEVELOPMENT_TEAM = 8BPKDD8276;
				GENERATE_INFOPLIST_FILE = YES;
				INFOPLIST_FILE = BikeTripTracker/Info.plist;
				INFOPLIST_KEY_CFBundleDisplayName = "Bike Trip Tracker";
				INFOPLIST_KEY_LSApplicationCategoryType = "public.app-category.lifestyle";
				INFOPLIST_KEY_NSLocationAlwaysAndWhenInUseUsageDescription = "The app needs access to your location to work!";
				INFOPLIST_KEY_NSLocationAlwaysUsageDescription = "The app needs access to your location to work";
				INFOPLIST_KEY_NSLocationWhenInUseUsageDescription = "The app needs access to your location to work";
				INFOPLIST_KEY_UIApplicationSupportsIndirectInputEvents = YES;
				INFOPLIST_KEY_UILaunchStoryboardName = LaunchScreen;
				INFOPLIST_KEY_UIMainStoryboardFile = Main;
				INFOPLIST_KEY_UISupportedInterfaceOrientations = "UIInterfaceOrientationPortrait UIInterfaceOrientationPortraitUpsideDown";
				INFOPLIST_KEY_UISupportedInterfaceOrientations_iPad = "UIInterfaceOrientationLandscapeLeft UIInterfaceOrientationLandscapeRight UIInterfaceOrientationPortrait UIInterfaceOrientationPortraitUpsideDown";
				IPHONEOS_DEPLOYMENT_TARGET = 15;
				LD_RUNPATH_SEARCH_PATHS = (
					"$(inherited)",
					"@executable_path/Frameworks",
				);
				MARKETING_VERSION = 1.0;
				PRODUCT_BUNDLE_IDENTIFIER = com.savely.BikeTripTracker;
				PRODUCT_NAME = "$(TARGET_NAME)";
				SUPPORTED_PLATFORMS = "iphoneos iphonesimulator";
				SUPPORTS_MACCATALYST = NO;
				SUPPORTS_MAC_DESIGNED_FOR_IPHONE_IPAD = NO;
				SUPPORTS_XR_DESIGNED_FOR_IPHONE_IPAD = NO;
				SWIFT_EMIT_LOC_STRINGS = YES;
				SWIFT_VERSION = 5.0;
				TARGETED_DEVICE_FAMILY = 1;
			};
			name = Debug;
		};
		45F4E1842BF3D4E00091DBF3 /* Release */ = {
			isa = XCBuildConfiguration;
			buildSettings = {
				ASSETCATALOG_COMPILER_APPICON_NAME = AppIcon;
				ASSETCATALOG_COMPILER_GLOBAL_ACCENT_COLOR_NAME = AccentColor;
				CODE_SIGN_STYLE = Automatic;
				CURRENT_PROJECT_VERSION = 1;
				DEVELOPMENT_TEAM = 8BPKDD8276;
				GENERATE_INFOPLIST_FILE = YES;
				INFOPLIST_FILE = BikeTripTracker/Info.plist;
				INFOPLIST_KEY_CFBundleDisplayName = "Bike Trip Tracker";
				INFOPLIST_KEY_LSApplicationCategoryType = "public.app-category.lifestyle";
				INFOPLIST_KEY_NSLocationAlwaysAndWhenInUseUsageDescription = "The app needs access to your location to work!";
				INFOPLIST_KEY_NSLocationAlwaysUsageDescription = "The app needs access to your location to work";
				INFOPLIST_KEY_NSLocationWhenInUseUsageDescription = "The app needs access to your location to work";
				INFOPLIST_KEY_UIApplicationSupportsIndirectInputEvents = YES;
				INFOPLIST_KEY_UILaunchStoryboardName = LaunchScreen;
				INFOPLIST_KEY_UIMainStoryboardFile = Main;
				INFOPLIST_KEY_UISupportedInterfaceOrientations = "UIInterfaceOrientationPortrait UIInterfaceOrientationPortraitUpsideDown";
				INFOPLIST_KEY_UISupportedInterfaceOrientations_iPad = "UIInterfaceOrientationLandscapeLeft UIInterfaceOrientationLandscapeRight UIInterfaceOrientationPortrait UIInterfaceOrientationPortraitUpsideDown";
				IPHONEOS_DEPLOYMENT_TARGET = 15;
				LD_RUNPATH_SEARCH_PATHS = (
					"$(inherited)",
					"@executable_path/Frameworks",
				);
				MARKETING_VERSION = 1.0;
				PRODUCT_BUNDLE_IDENTIFIER = com.savely.BikeTripTracker;
				PRODUCT_NAME = "$(TARGET_NAME)";
				SUPPORTED_PLATFORMS = "iphoneos iphonesimulator";
				SUPPORTS_MACCATALYST = NO;
				SUPPORTS_MAC_DESIGNED_FOR_IPHONE_IPAD = NO;
				SUPPORTS_XR_DESIGNED_FOR_IPHONE_IPAD = NO;
				SWIFT_EMIT_LOC_STRINGS = YES;
				SWIFT_VERSION = 5.0;
				TARGETED_DEVICE_FAMILY = 1;
			};
			name = Release;
		};
/* End XCBuildConfiguration section */

/* Begin XCConfigurationList section */
		45F4E1662BF3D4DE0091DBF3 /* Build configuration list for PBXProject "BikeTripTracker" */ = {
			isa = XCConfigurationList;
			buildConfigurations = (
				45F4E1802BF3D4E00091DBF3 /* Debug */,
				45F4E1812BF3D4E00091DBF3 /* Release */,
			);
			defaultConfigurationIsVisible = 0;
			defaultConfigurationName = Release;
		};
		45F4E1822BF3D4E00091DBF3 /* Build configuration list for PBXNativeTarget "BikeTripTracker" */ = {
			isa = XCConfigurationList;
			buildConfigurations = (
				45F4E1832BF3D4E00091DBF3 /* Debug */,
				45F4E1842BF3D4E00091DBF3 /* Release */,
			);
			defaultConfigurationIsVisible = 0;
			defaultConfigurationName = Release;
		};
/* End XCConfigurationList section */

/* Begin XCVersionGroup section */
		45F4E1772BF3D4DE0091DBF3 /* BikeTripTracker.xcdatamodeld */ = {
			isa = XCVersionGroup;
			children = (
				45F4E1782BF3D4DE0091DBF3 /* BikeTripTracker.xcdatamodel */,
			);
			currentVersion = 45F4E1782BF3D4DE0091DBF3 /* BikeTripTracker.xcdatamodel */;
			path = BikeTripTracker.xcdatamodeld;
			sourceTree = "<group>";
			versionGroupType = wrapper.xcdatamodel;
		};
/* End XCVersionGroup section */
	};
	rootObject = 45F4E1632BF3D4DE0091DBF3 /* Project object */;
}
